<Solution>
  <Folder Name="/src/">
    <Project Path="src/AttendanceManagementSystem.Api/AttendanceManagementSystem.Api.csproj" />
    <Project Path="src/AttendanceManagementSystem.Application/AttendanceManagementSystem.Application.csproj" />
    <Project Path="src/AttendanceManagementSystem.Contracts/AttendanceManagementSystem.Contracts.csproj" />
    <Project Path="src/AttendanceManagementSystem.Domain/AttendanceManagementSystem.Domain.csproj" />
    <Project Path="src/AttendanceManagementSystem.Infrastructure/AttendanceManagementSystem.Infrastructure.csproj" />
    <Project Path="src/AttendanceManagementSystem.Shared/AttendanceManagementSystem.Shared.csproj" />
  </Folder>
  <Folder Name="/tests/">
    <Project Path="tests/AttendanceManagementSystem.ArchitectureTests/AttendanceManagementSystem.ArchitectureTests.csproj" />
    <Project Path="tests/AttendanceManagementSystem.IntegrationTests/AttendanceManagementSystem.IntegrationTests.csproj" />
    <Project Path="tests/AttendanceManagementSystem.UnitTests/AttendanceManagementSystem.UnitTests.csproj" />
  </Folder>
  <Project Path="../aspire/AttendanceManagementSystem.AppHost/AttendanceManagementSystem.AppHost.csproj" />
  <Project Path="../aspire/AttendanceManagementSystem.ServiceDefaults/AttendanceManagementSystem.ServiceDefaults.csproj" />
</Solution>
